// !$*UTF8*$!
{
	archiveVersion = 1;
	classes = {
	};
	objectVersion = 56;
	objects = {

/* Begin PBXBuildFile section */
		646D36D92B8D06CC00BAB7AF /* GameOfLifeApp.swift in Sources */ = {isa = PBXBuildFile; fileRef = 646D36D82B8D06CC00BAB7AF /* GameOfLifeApp.swift */; };
		646D36DB2B8D06CC00BAB7AF /* ContentView.swift in Sources */ = {isa = PBXBuildFile; fileRef = 646D36DA2B8D06CC00BAB7AF /* ContentView.swift */; };
		646D36DD2B8D06CD00BAB7AF /* Assets.xcassets in Resources */ = {isa = PBXBuildFile; fileRef = 646D36DC2B8D06CD00BAB7AF /* Assets.xcassets */; };
		646D36E02B8D06CD00BAB7AF /* Preview Assets.xcassets in Resources */ = {isa = PBXBuildFile; fileRef = 646D36DF2B8D06CD00BAB7AF /* Preview Assets.xcassets */; };
		646D36E72B8E841200BAB7AF /* Rules.swift in Sources */ = {isa = PBXBuildFile; fileRef = 646D36E62B8E841200BAB7AF /* Rules.swift */; };
		646D36E92B8E842D00BAB7AF /* CreateMatrix.swift in Sources */ = {isa = PBXBuildFile; fileRef = 646D36E82B8E842D00BAB7AF /* CreateMatrix.swift */; };
		646D36EC2B8FD2EF00BAB7AF /* ButtonsView.swift in Sources */ = {isa = PBXBuildFile; fileRef = 646D36EB2B8FD2EF00BAB7AF /* ButtonsView.swift */; };
		64D8C3862B90F57100FEE79E /* ConfigView.swift in Sources */ = {isa = PBXBuildFile; fileRef = 64D8C3852B90F57100FEE79E /* ConfigView.swift */; };
		64D8C3892B91110A00FEE79E /* Vampire.swift in Sources */ = {isa = PBXBuildFile; fileRef = 64D8C3882B91110A00FEE79E /* Vampire.swift */; };
		64D8C38B2B9119A800FEE79E /* Pulsar.swift in Sources */ = {isa = PBXBuildFile; fileRef = 64D8C38A2B9119A800FEE79E /* Pulsar.swift */; };
		64D8C38D2B911E5B00FEE79E /* Octogon.swift in Sources */ = {isa = PBXBuildFile; fileRef = 64D8C38C2B911E5B00FEE79E /* Octogon.swift */; };
		64D8C38F2B91201F00FEE79E /* p8.swift in Sources */ = {isa = PBXBuildFile; fileRef = 64D8C38E2B91201F00FEE79E /* p8.swift */; };
		64D8C3912B91220A00FEE79E /* Tumbler.swift in Sources */ = {isa = PBXBuildFile; fileRef = 64D8C3902B91220A00FEE79E /* Tumbler.swift */; };
		64D8C3932B91272500FEE79E /* P15.swift in Sources */ = {isa = PBXBuildFile; fileRef = 64D8C3922B91272500FEE79E /* P15.swift */; };
/* End PBXBuildFile section */

/* Begin PBXFileReference section */
		646D36D52B8D06CC00BAB7AF /* GameOfLife.app */ = {isa = PBXFileReference; explicitFileType = wrapper.application; includeInIndex = 0; path = GameOfLife.app; sourceTree = BUILT_PRODUCTS_DIR; };
		646D36D82B8D06CC00BAB7AF /* GameOfLifeApp.swift */ = {isa = PBXFileReference; lastKnownFileType = sourcecode.swift; path = GameOfLifeApp.swift; sourceTree = "<group>"; };
		646D36DA2B8D06CC00BAB7AF /* ContentView.swift */ = {isa = PBXFileReference; lastKnownFileType = sourcecode.swift; path = ContentView.swift; sourceTree = "<group>"; };
		646D36DC2B8D06CD00BAB7AF /* Assets.xcassets */ = {isa = PBXFileReference; lastKnownFileType = folder.assetcatalog; path = Assets.xcassets; sourceTree = "<group>"; };
		646D36DF2B8D06CD00BAB7AF /* Preview Assets.xcassets */ = {isa = PBXFileReference; lastKnownFileType = folder.assetcatalog; path = "Preview Assets.xcassets"; sourceTree = "<group>"; };
		646D36E62B8E841200BAB7AF /* Rules.swift */ = {isa = PBXFileReference; lastKnownFileType = sourcecode.swift; path = Rules.swift; sourceTree = "<group>"; };
		646D36E82B8E842D00BAB7AF /* CreateMatrix.swift */ = {isa = PBXFileReference; lastKnownFileType = sourcecode.swift; path = CreateMatrix.swift; sourceTree = "<group>"; };
		646D36EB2B8FD2EF00BAB7AF /* ButtonsView.swift */ = {isa = PBXFileReference; lastKnownFileType = sourcecode.swift; path = ButtonsView.swift; sourceTree = "<group>"; };
		64D8C3852B90F57100FEE79E /* ConfigView.swift */ = {isa = PBXFileReference; lastKnownFileType = sourcecode.swift; path = ConfigView.swift; sourceTree = "<group>"; };
		64D8C3882B91110A00FEE79E /* Vampire.swift */ = {isa = PBXFileReference; lastKnownFileType = sourcecode.swift; path = Vampire.swift; sourceTree = "<group>"; };
		64D8C38A2B9119A800FEE79E /* Pulsar.swift */ = {isa = PBXFileReference; lastKnownFileType = sourcecode.swift; path = Pulsar.swift; sourceTree = "<group>"; };
		64D8C38C2B911E5B00FEE79E /* Octogon.swift */ = {isa = PBXFileReference; lastKnownFileType = sourcecode.swift; path = Octogon.swift; sourceTree = "<group>"; };
		64D8C38E2B91201F00FEE79E /* p8.swift */ = {isa = PBXFileReference; lastKnownFileType = sourcecode.swift; path = p8.swift; sourceTree = "<group>"; };
		64D8C3902B91220A00FEE79E /* Tumbler.swift */ = {isa = PBXFileReference; lastKnownFileType = sourcecode.swift; path = Tumbler.swift; sourceTree = "<group>"; };
		64D8C3922B91272500FEE79E /* P15.swift */ = {isa = PBXFileReference; lastKnownFileType = sourcecode.swift; path = P15.swift; sourceTree = "<group>"; };
/* End PBXFileReference section */

/* Begin PBXFrameworksBuildPhase section */
		646D36D22B8D06CC00BAB7AF /* Frameworks */ = {
			isa = PBXFrameworksBuildPhase;
			buildActionMask = 2147483647;
			files = (
			);
			runOnlyForDeploymentPostprocessing = 0;
		};
/* End PBXFrameworksBuildPhase section */

/* Begin PBXGroup section */
		646D36CC2B8D06CC00BAB7AF = {
			isa = PBXGroup;
			children = (
				646D36D72B8D06CC00BAB7AF /* GameOfLife */,
				646D36D62B8D06CC00BAB7AF /* Products */,
			);
			sourceTree = "<group>";
		};
		646D36D62B8D06CC00BAB7AF /* Products */ = {
			isa = PBXGroup;
			children = (
				646D36D52B8D06CC00BAB7AF /* GameOfLife.app */,
			);
			name = Products;
			sourceTree = "<group>";
		};
		646D36D72B8D06CC00BAB7AF /* GameOfLife */ = {
			isa = PBXGroup;
			children = (
				646D36ED2B8FD43300BAB7AF /* Funcs */,
				646D36EA2B8FD2E100BAB7AF /* Views */,
				646D36D82B8D06CC00BAB7AF /* GameOfLifeApp.swift */,
				646D36DA2B8D06CC00BAB7AF /* ContentView.swift */,
				646D36DC2B8D06CD00BAB7AF /* Assets.xcassets */,
				646D36DE2B8D06CD00BAB7AF /* Preview Content */,
			);
			path = GameOfLife;
			sourceTree = "<group>";
		};
		646D36DE2B8D06CD00BAB7AF /* Preview Content */ = {
			isa = PBXGroup;
			children = (
				646D36DF2B8D06CD00BAB7AF /* Preview Assets.xcassets */,
			);
			path = "Preview Content";
			sourceTree = "<group>";
		};
		646D36EA2B8FD2E100BAB7AF /* Views */ = {
			isa = PBXGroup;
			children = (
				646D36EB2B8FD2EF00BAB7AF /* ButtonsView.swift */,
				64D8C3852B90F57100FEE79E /* ConfigView.swift */,
			);
			path = Views;
			sourceTree = "<group>";
		};
		646D36ED2B8FD43300BAB7AF /* Funcs */ = {
			isa = PBXGroup;
			children = (
				64D8C3872B9110F600FEE79E /* Patterns */,
				646D36E82B8E842D00BAB7AF /* CreateMatrix.swift */,
				646D36E62B8E841200BAB7AF /* Rules.swift */,
			);
			path = Funcs;
			sourceTree = "<group>";
		};
		64D8C3872B9110F600FEE79E /* Patterns */ = {
			isa = PBXGroup;
			children = (
				64D8C3882B91110A00FEE79E /* Vampire.swift */,
				64D8C38A2B9119A800FEE79E /* Pulsar.swift */,
				64D8C38C2B911E5B00FEE79E /* Octogon.swift */,
				64D8C38E2B91201F00FEE79E /* p8.swift */,
				64D8C3902B91220A00FEE79E /* Tumbler.swift */,
				64D8C3922B91272500FEE79E /* P15.swift */,
			);
			path = Patterns;
			sourceTree = "<group>";
		};
/* End PBXGroup section */

/* Begin PBXNativeTarget section */
		646D36D42B8D06CC00BAB7AF /* GameOfLife */ = {
			isa = PBXNativeTarget;
			buildConfigurationList = 646D36E32B8D06CD00BAB7AF /* Build configuration list for PBXNativeTarget "GameOfLife" */;
			buildPhases = (
				646D36D12B8D06CC00BAB7AF /* Sources */,
				646D36D22B8D06CC00BAB7AF /* Frameworks */,
				646D36D32B8D06CC00BAB7AF /* Resources */,
			);
			buildRules = (
			);
			dependencies = (
			);
			name = GameOfLife;
			productName = GameOfLife;
			productReference = 646D36D52B8D06CC00BAB7AF /* GameOfLife.app */;
			productType = "com.apple.product-type.application";
		};
/* End PBXNativeTarget section */

/* Begin PBXProject section */
		646D36CD2B8D06CC00BAB7AF /* Project object */ = {
			isa = PBXProject;
			attributes = {
				BuildIndependentTargetsInParallel = 1;
				LastSwiftUpdateCheck = 1520;
				LastUpgradeCheck = 1520;
				TargetAttributes = {
					646D36D42B8D06CC00BAB7AF = {
						CreatedOnToolsVersion = 15.2;
					};
				};
			};
			buildConfigurationList = 646D36D02B8D06CC00BAB7AF /* Build configuration list for PBXProject "GameOfLife" */;
			compatibilityVersion = "Xcode 14.0";
			developmentRegion = en;
			hasScannedForEncodings = 0;
			knownRegions = (
				en,
				Base,
			);
			mainGroup = 646D36CC2B8D06CC00BAB7AF;
			productRefGroup = 646D36D62B8D06CC00BAB7AF /* Products */;
			projectDirPath = "";
			projectRoot = "";
			targets = (
				646D36D42B8D06CC00BAB7AF /* GameOfLife */,
			);
		};
/* End PBXProject section */

/* Begin PBXResourcesBuildPhase section */
		646D36D32B8D06CC00BAB7AF /* Resources */ = {
			isa = PBXResourcesBuildPhase;
			buildActionMask = 2147483647;
			files = (
				646D36E02B8D06CD00BAB7AF /* Preview Assets.xcassets in Resources */,
				646D36DD2B8D06CD00BAB7AF /* Assets.xcassets in Resources */,
			);
			runOnlyForDeploymentPostprocessing = 0;
		};
/* End PBXResourcesBuildPhase section */

/* Begin PBXSourcesBuildPhase section */
		646D36D12B8D06CC00BAB7AF /* Sources */ = {
			isa = PBXSourcesBuildPhase;
			buildActionMask = 2147483647;
			files = (
				64D8C38D2B911E5B00FEE79E /* Octogon.swift in Sources */,
				64D8C3862B90F57100FEE79E /* ConfigView.swift in Sources */,
				64D8C3932B91272500FEE79E /* P15.swift in Sources */,
				646D36DB2B8D06CC00BAB7AF /* ContentView.swift in Sources */,
				646D36EC2B8FD2EF00BAB7AF /* ButtonsView.swift in Sources */,
				646D36D92B8D06CC00BAB7AF /* GameOfLifeApp.swift in Sources */,
				646D36E92B8E842D00BAB7AF /* CreateMatrix.swift in Sources */,
				646D36E72B8E841200BAB7AF /* Rules.swift in Sources */,
				64D8C38F2B91201F00FEE79E /* p8.swift in Sources */,
				64D8C38B2B9119A800FEE79E /* Pulsar.swift in Sources */,
				64D8C3912B91220A00FEE79E /* Tumbler.swift in Sources */,
				64D8C3892B91110A00FEE79E /* Vampire.swift in Sources */,
			);
			runOnlyForDeploymentPostprocessing = 0;
		};
/* End PBXSourcesBuildPhase section */

/* Begin XCBuildConfiguration section */
		646D36E12B8D06CD00BAB7AF /* Debug */ = {
			isa = XCBuildConfiguration;
			buildSettings = {
				ALWAYS_SEARCH_USER_PATHS = NO;
				ASSETCATALOG_COMPILER_GENERATE_SWIFT_ASSET_SYMBOL_EXTENSIONS = YES;
				CLANG_ANALYZER_NONNULL = YES;
				CLANG_ANALYZER_NUMBER_OBJECT_CONVERSION = YES_AGGRESSIVE;
				CLANG_CXX_LANGUAGE_STANDARD = "gnu++20";
				CLANG_ENABLE_MODULES = YES;
				CLANG_ENABLE_OBJC_ARC = YES;
				CLANG_ENABLE_OBJC_WEAK = YES;
				CLANG_WARN_BLOCK_CAPTURE_AUTORELEASING = YES;
				CLANG_WARN_BOOL_CONVERSION = YES;
				CLANG_WARN_COMMA = YES;
				CLANG_WARN_CONSTANT_CONVERSION = YES;
				CLANG_WARN_DEPRECATED_OBJC_IMPLEMENTATIONS = YES;
				CLANG_WARN_DIRECT_OBJC_ISA_USAGE = YES_ERROR;
				CLANG_WARN_DOCUMENTATION_COMMENTS = YES;
				CLANG_WARN_EMPTY_BODY = YES;
				CLANG_WARN_ENUM_CONVERSION = YES;
				CLANG_WARN_INFINITE_RECURSION = YES;
				CLANG_WARN_INT_CONVERSION = YES;
				CLANG_WARN_NON_LITERAL_NULL_CONVERSION = YES;
				CLANG_WARN_OBJC_IMPLICIT_RETAIN_SELF = YES;
				CLANG_WARN_OBJC_LITERAL_CONVERSION = YES;
				CLANG_WARN_OBJC_ROOT_CLASS = YES_ERROR;
				CLANG_WARN_QUOTED_INCLUDE_IN_FRAMEWORK_HEADER = YES;
				CLANG_WARN_RANGE_LOOP_ANALYSIS = YES;
				CLANG_WARN_STRICT_PROTOTYPES = YES;
				CLANG_WARN_SUSPICIOUS_MOVE = YES;
				CLANG_WARN_UNGUARDED_AVAILABILITY = YES_AGGRESSIVE;
				CLANG_WARN_UNREACHABLE_CODE = YES;
				CLANG_WARN__DUPLICATE_METHOD_MATCH = YES;
				COPY_PHASE_STRIP = NO;
				DEBUG_INFORMATION_FORMAT = dwarf;
				ENABLE_STRICT_OBJC_MSGSEND = YES;
				ENABLE_TESTABILITY = YES;
				ENABLE_USER_SCRIPT_SANDBOXING = YES;
				GCC_C_LANGUAGE_STANDARD = gnu17;
				GCC_DYNAMIC_NO_PIC = NO;
				GCC_NO_COMMON_BLOCKS = YES;
				GCC_OPTIMIZATION_LEVEL = 0;
				GCC_PREPROCESSOR_DEFINITIONS = (
					"DEBUG=1",
					"$(inherited)",
				);
				GCC_WARN_64_TO_32_BIT_CONVERSION = YES;
				GCC_WARN_ABOUT_RETURN_TYPE = YES_ERROR;
				GCC_WARN_UNDECLARED_SELECTOR = YES;
				GCC_WARN_UNINITIALIZED_AUTOS = YES_AGGRESSIVE;
				GCC_WARN_UNUSED_FUNCTION = YES;
				GCC_WARN_UNUSED_VARIABLE = YES;
				IPHONEOS_DEPLOYMENT_TARGET = 17.2;
				LOCALIZATION_PREFERS_STRING_CATALOGS = YES;
				MTL_ENABLE_DEBUG_INFO = INCLUDE_SOURCE;
				MTL_FAST_MATH = YES;
				ONLY_ACTIVE_ARCH = YES;
				SDKROOT = iphoneos;
				SWIFT_ACTIVE_COMPILATION_CONDITIONS = "DEBUG $(inherited)";
				SWIFT_OPTIMIZATION_LEVEL = "-Onone";
			};
			name = Debug;
		};
		646D36E22B8D06CD00BAB7AF /* Release */ = {
			isa = XCBuildConfiguration;
			buildSettings = {
				ALWAYS_SEARCH_USER_PATHS = NO;
				ASSETCATALOG_COMPILER_GENERATE_SWIFT_ASSET_SYMBOL_EXTENSIONS = YES;
				CLANG_ANALYZER_NONNULL = YES;
				CLANG_ANALYZER_NUMBER_OBJECT_CONVERSION = YES_AGGRESSIVE;
				CLANG_CXX_LANGUAGE_STANDARD = "gnu++20";
				CLANG_ENABLE_MODULES = YES;
				CLANG_ENABLE_OBJC_ARC = YES;
				CLANG_ENABLE_OBJC_WEAK = YES;
				CLANG_WARN_BLOCK_CAPTURE_AUTORELEASING = YES;
				CLANG_WARN_BOOL_CONVERSION = YES;
				CLANG_WARN_COMMA = YES;
				CLANG_WARN_CONSTANT_CONVERSION = YES;
				CLANG_WARN_DEPRECATED_OBJC_IMPLEMENTATIONS = YES;
				CLANG_WARN_DIRECT_OBJC_ISA_USAGE = YES_ERROR;
				CLANG_WARN_DOCUMENTATION_COMMENTS = YES;
				CLANG_WARN_EMPTY_BODY = YES;
				CLANG_WARN_ENUM_CONVERSION = YES;
				CLANG_WARN_INFINITE_RECURSION = YES;
				CLANG_WARN_INT_CONVERSION = YES;
				CLANG_WARN_NON_LITERAL_NULL_CONVERSION = YES;
				CLANG_WARN_OBJC_IMPLICIT_RETAIN_SELF = YES;
				CLANG_WARN_OBJC_LITERAL_CONVERSION = YES;
				CLANG_WARN_OBJC_ROOT_CLASS = YES_ERROR;
				CLANG_WARN_QUOTED_INCLUDE_IN_FRAMEWORK_HEADER = YES;
				CLANG_WARN_RANGE_LOOP_ANALYSIS = YES;
				CLANG_WARN_STRICT_PROTOTYPES = YES;
				CLANG_WARN_SUSPICIOUS_MOVE = YES;
				CLANG_WARN_UNGUARDED_AVAILABILITY = YES_AGGRESSIVE;
				CLANG_WARN_UNREACHABLE_CODE = YES;
				CLANG_WARN__DUPLICATE_METHOD_MATCH = YES;
				COPY_PHASE_STRIP = NO;
				DEBUG_INFORMATION_FORMAT = "dwarf-with-dsym";
				ENABLE_NS_ASSERTIONS = NO;
				ENABLE_STRICT_OBJC_MSGSEND = YES;
				ENABLE_USER_SCRIPT_SANDBOXING = YES;
				GCC_C_LANGUAGE_STANDARD = gnu17;
				GCC_NO_COMMON_BLOCKS = YES;
				GCC_WARN_64_TO_32_BIT_CONVERSION = YES;
				GCC_WARN_ABOUT_RETURN_TYPE = YES_ERROR;
				GCC_WARN_UNDECLARED_SELECTOR = YES;
				GCC_WARN_UNINITIALIZED_AUTOS = YES_AGGRESSIVE;
				GCC_WARN_UNUSED_FUNCTION = YES;
				GCC_WARN_UNUSED_VARIABLE = YES;
				IPHONEOS_DEPLOYMENT_TARGET = 17.2;
				LOCALIZATION_PREFERS_STRING_CATALOGS = YES;
				MTL_ENABLE_DEBUG_INFO = NO;
				MTL_FAST_MATH = YES;
				SDKROOT = iphoneos;
				SWIFT_COMPILATION_MODE = wholemodule;
				VALIDATE_PRODUCT = YES;
			};
			name = Release;
		};
		646D36E42B8D06CD00BAB7AF /* Debug */ = {
			isa = XCBuildConfiguration;
			buildSettings = {
				ASSETCATALOG_COMPILER_APPICON_NAME = AppIcon;
				ASSETCATALOG_COMPILER_GLOBAL_ACCENT_COLOR_NAME = AccentColor;
				CODE_SIGN_STYLE = Automatic;
				CURRENT_PROJECT_VERSION = 1;
				DEVELOPMENT_ASSET_PATHS = "\"GameOfLife/Preview Content\"";
				DEVELOPMENT_TEAM = UU65NF9U3M;
				ENABLE_PREVIEWS = YES;
				GENERATE_INFOPLIST_FILE = YES;
				INFOPLIST_KEY_UIApplicationSceneManifest_Generation = YES;
				INFOPLIST_KEY_UIApplicationSupportsIndirectInputEvents = YES;
				INFOPLIST_KEY_UILaunchScreen_Generation = YES;
				INFOPLIST_KEY_UISupportedInterfaceOrientations_iPad = "UIInterfaceOrientationPortrait UIInterfaceOrientationPortraitUpsideDown UIInterfaceOrientationLandscapeLeft UIInterfaceOrientationLandscapeRight";
				INFOPLIST_KEY_UISupportedInterfaceOrientations_iPhone = "UIInterfaceOrientationPortrait UIInterfaceOrientationLandscapeLeft UIInterfaceOrientationLandscapeRight";
				LD_RUNPATH_SEARCH_PATHS = (
					"$(inherited)",
					"@executable_path/Frameworks",
				);
				MARKETING_VERSION = 1.0;
				PRODUCT_BUNDLE_IDENTIFIER = com.RIniesta.GameOfLife;
				PRODUCT_NAME = "$(TARGET_NAME)";
				SWIFT_EMIT_LOC_STRINGS = YES;
				SWIFT_VERSION = 5.0;
				TARGETED_DEVICE_FAMILY = "1,2";
			};
			name = Debug;
		};
		646D36E52B8D06CD00BAB7AF /* Release */ = {
			isa = XCBuildConfiguration;
			buildSettings = {
				ASSETCATALOG_COMPILER_APPICON_NAME = AppIcon;
				ASSETCATALOG_COMPILER_GLOBAL_ACCENT_COLOR_NAME = AccentColor;
				CODE_SIGN_STYLE = Automatic;
				CURRENT_PROJECT_VERSION = 1;
				DEVELOPMENT_ASSET_PATHS = "\"GameOfLife/Preview Content\"";
				DEVELOPMENT_TEAM = UU65NF9U3M;
				ENABLE_PREVIEWS = YES;
				GENERATE_INFOPLIST_FILE = YES;
				INFOPLIST_KEY_UIApplicationSceneManifest_Generation = YES;
				INFOPLIST_KEY_UIApplicationSupportsIndirectInputEvents = YES;
				INFOPLIST_KEY_UILaunchScreen_Generation = YES;
				INFOPLIST_KEY_UISupportedInterfaceOrientations_iPad = "UIInterfaceOrientationPortrait UIInterfaceOrientationPortraitUpsideDown UIInterfaceOrientationLandscapeLeft UIInterfaceOrientationLandscapeRight";
				INFOPLIST_KEY_UISupportedInterfaceOrientations_iPhone = "UIInterfaceOrientationPortrait UIInterfaceOrientationLandscapeLeft UIInterfaceOrientationLandscapeRight";
				LD_RUNPATH_SEARCH_PATHS = (
					"$(inherited)",
					"@executable_path/Frameworks",
				);
				MARKETING_VERSION = 1.0;
				PRODUCT_BUNDLE_IDENTIFIER = com.RIniesta.GameOfLife;
				PRODUCT_NAME = "$(TARGET_NAME)";
				SWIFT_EMIT_LOC_STRINGS = YES;
				SWIFT_VERSION = 5.0;
				TARGETED_DEVICE_FAMILY = "1,2";
			};
			name = Release;
		};
/* End XCBuildConfiguration section */

/* Begin XCConfigurationList section */
		646D36D02B8D06CC00BAB7AF /* Build configuration list for PBXProject "GameOfLife" */ = {
			isa = XCConfigurationList;
			buildConfigurations = (
				646D36E12B8D06CD00BAB7AF /* Debug */,
				646D36E22B8D06CD00BAB7AF /* Release */,
			);
			defaultConfigurationIsVisible = 0;
			defaultConfigurationName = Release;
		};
		646D36E32B8D06CD00BAB7AF /* Build configuration list for PBXNativeTarget "GameOfLife" */ = {
			isa = XCConfigurationList;
			buildConfigurations = (
				646D36E42B8D06CD00BAB7AF /* Debug */,
				646D36E52B8D06CD00BAB7AF /* Release */,
			);
			defaultConfigurationIsVisible = 0;
			defaultConfigurationName = Release;
		};
/* End XCConfigurationList section */
	};
	rootObject = 646D36CD2B8D06CC00BAB7AF /* Project object */;
}
